
Microsoft Visual Studio Solution File, Format Version 12.00
# Visual Studio Version 17
VisualStudioVersion = 17.0.31903.59
MinimumVisualStudioVersion = 10.0.40219.1
Project("{FAE04EC0-301F-11D3-BF4B-00C04F79EFBC}") = "albums-api", "albums-api\albums-api.csproj", "{E5616005-0744-476B-8B3F-D4A20A850F27}"
EndProject
Project("{FAE04EC0-301F-11D3-BF4B-00C04F79EFBC}") = "albums-api.Tests", "albums-api.Tests\albums-api.Tests.csproj", "{B5C14B73-EE2B-4132-AA7E-58724868FE4E}"
EndProject
Global
	GlobalSection(SolutionConfigurationPlatforms) = preSolution
		Debug|Any CPU = Debug|Any CPU
		Release|Any CPU = Release|Any CPU
	EndGlobalSection
	GlobalSection(SolutionProperties) = preSolution
		HideSolutionNode = FALSE
	EndGlobalSection
	GlobalSection(ProjectConfigurationPlatforms) = postSolution
		{E5616005-0744-476B-8B3F-D4A20A850F27}.Debug|Any CPU.ActiveCfg = Debug|Any CPU
		{E5616005-0744-476B-8B3F-D4A20A850F27}.Debug|Any CPU.Build.0 = Debug|Any CPU
		{E5616005-0744-476B-8B3F-D4A20A850F27}.Release|Any CPU.ActiveCfg = Release|Any CPU
		{E5616005-0744-476B-8B3F-D4A20A850F27}.Release|Any CPU.Build.0 = Release|Any CPU
		{B5C14B73-EE2B-4132-AA7E-58724868FE4E}.Debug|Any CPU.ActiveCfg = Debug|Any CPU
		{B5C14B73-EE2B-4132-AA7E-58724868FE4E}.Debug|Any CPU.Build.0 = Debug|Any CPU
		{B5C14B73-EE2B-4132-AA7E-58724868FE4E}.Release|Any CPU.ActiveCfg = Release|Any CPU
		{B5C14B73-EE2B-4132-AA7E-58724868FE4E}.Release|Any CPU.Build.0 = Release|Any CPU
	EndGlobalSection
EndGlobal
